
Microsoft Visual Studio Solution File, Format Version 12.00
# Visual Studio Version 17
VisualStudioVersion = 17.6.33723.286
MinimumVisualStudioVersion = 10.0.40219.1
Project("{FAE04EC0-301F-11D3-BF4B-00C04F79EFBC}") = "ERPSYSTEM", "ERPSYSTEM\ERPSYSTEM.csproj", "{9DF0ABA0-101E-4A29-BA9D-8A1E3942C5DE}"
EndProject
Global
	GlobalSection(SolutionConfigurationPlatforms) = preSolution
		Debug|Any CPU = Debug|Any CPU
		Release|Any CPU = Release|Any CPU
	EndGlobalSection
	GlobalSection(ProjectConfigurationPlatforms) = postSolution
		{9DF0ABA0-101E-4A29-BA9D-8A1E3942C5DE}.Debug|Any CPU.ActiveCfg = Debug|Any CPU
		{9DF0ABA0-101E-4A29-BA9D-8A1E3942C5DE}.Debug|Any CPU.Build.0 = Debug|Any CPU
		{9DF0ABA0-101E-4A29-BA9D-8A1E3942C5DE}.Release|Any CPU.ActiveCfg = Release|Any CPU
		{9DF0ABA0-101E-4A29-BA9D-8A1E3942C5DE}.Release|Any CPU.Build.0 = Release|Any CPU
	EndGlobalSection
	GlobalSection(SolutionProperties) = preSolution
		HideSolutionNode = FALSE
	EndGlobalSection
	GlobalSection(ExtensibilityGlobals) = postSolution
		SolutionGuid = {24BD49BD-1D00-4C94-918F-C197BA6D6FE6}
	EndGlobalSection
EndGlobal
